
Microsoft Visual Studio Solution File, Format Version 12.00
# Visual Studio 15
VisualStudioVersion = 15.0.27703.2000
MinimumVisualStudioVersion = 10.0.40219.1
Project("{FAE04EC0-301F-11D3-BF4B-00C04F79EFBC}") = "HelloWorld", "HelloWorld\HelloWorld.csproj", "{6AD957B9-9EF8-46EE-AAEE-739B7BE94C75}"
EndProject
Global
	GlobalSection(SolutionConfigurationPlatforms) = preSolution
		Debug|Any CPU = Debug|Any CPU
		Release|Any CPU = Release|Any CPU
	EndGlobalSection
	GlobalSection(ProjectConfigurationPlatforms) = postSolution
		{6AD957B9-9EF8-46EE-AAEE-739B7BE94C75}.Debug|Any CPU.ActiveCfg = Debug|Any CPU
		{6AD957B9-9EF8-46EE-AAEE-739B7BE94C75}.Debug|Any CPU.Build.0 = Debug|Any CPU
		{6AD957B9-9EF8-46EE-AAEE-739B7BE94C75}.Release|Any CPU.ActiveCfg = Release|Any CPU
		{6AD957B9-9EF8-46EE-AAEE-739B7BE94C75}.Release|Any CPU.Build.0 = Release|Any CPU
	EndGlobalSection
	GlobalSection(SolutionProperties) = preSolution
		HideSolutionNode = FALSE
	EndGlobalSection
	GlobalSection(ExtensibilityGlobals) = postSolution
		SolutionGuid = {E7CD1643-9FF1-41C0-8718-8088C51BD926}
	EndGlobalSection
EndGlobal
